
Microsoft Visual Studio Solution File, Format Version 12.00
# Visual Studio Version 17
VisualStudioVersion = 17.0.31903.59
MinimumVisualStudioVersion = 10.0.40219.1
Project("{FAE04EC0-301F-11D3-BF4B-00C04F79EFBC}") = "Application", "Application\Application.csproj", "{9B8CC1CB-AE94-4FA5-B20A-244C44D2B89F}"
EndProject
Project("{FAE04EC0-301F-11D3-BF4B-00C04F79EFBC}") = "Infrastructure", "Infrastructure\Infrastructure.csproj", "{99BE73B2-9287-44C8-9335-135256F771AA}"
EndProject
Project("{2150E333-8FDC-42A3-9474-1A3956D46DE8}") = "tests", "tests", "{CADEAAA4-5A04-4BEA-9388-078172400115}"
EndProject
Project("{FAE04EC0-301F-11D3-BF4B-00C04F79EFBC}") = "Application.UnitTests", "tests\Application.UnitTests\Application.UnitTests.csproj", "{0D4AD34D-F763-4B48-812B-A9906E29704B}"
EndProject
Project("{FAE04EC0-301F-11D3-BF4B-00C04F79EFBC}") = "Application.IntegrationTests", "tests\Application.IntegrationTests\Application.IntegrationTests.csproj", "{42912A6D-EB5A-49ED-B517-A06C2AC0F6AD}"
EndProject
Project("{FAE04EC0-301F-11D3-BF4B-00C04F79EFBC}") = "BlogAPI", "BlogAPI\BlogAPI.csproj", "{96203023-E938-461F-8FDA-FA8B112BF0C4}"
EndProject
Project("{FAE04EC0-301F-11D3-BF4B-00C04F79EFBC}") = "ChrisClaude.AppHost", "ChrisClaude.AppHost\ChrisClaude.AppHost.csproj", "{DEE77AC7-C752-4B81-8DF5-6F6FB3E4853C}"
EndProject
Project("{FAE04EC0-301F-11D3-BF4B-00C04F79EFBC}") = "ChrisClaude.ServiceDefaults", "ChrisClaude.ServiceDefaults\ChrisClaude.ServiceDefaults.csproj", "{6C9499B9-BD89-4A6E-BF67-8C076E6FDF0C}"
EndProject
Global
	GlobalSection(SolutionConfigurationPlatforms) = preSolution
		Debug|Any CPU = Debug|Any CPU
		Debug|x64 = Debug|x64
		Debug|x86 = Debug|x86
		Release|Any CPU = Release|Any CPU
		Release|x64 = Release|x64
		Release|x86 = Release|x86
	EndGlobalSection
	GlobalSection(ProjectConfigurationPlatforms) = postSolution
		{9B8CC1CB-AE94-4FA5-B20A-244C44D2B89F}.Debug|Any CPU.ActiveCfg = Debug|Any CPU
		{9B8CC1CB-AE94-4FA5-B20A-244C44D2B89F}.Debug|Any CPU.Build.0 = Debug|Any CPU
		{9B8CC1CB-AE94-4FA5-B20A-244C44D2B89F}.Debug|x64.ActiveCfg = Debug|Any CPU
		{9B8CC1CB-AE94-4FA5-B20A-244C44D2B89F}.Debug|x64.Build.0 = Debug|Any CPU
		{9B8CC1CB-AE94-4FA5-B20A-244C44D2B89F}.Debug|x86.ActiveCfg = Debug|Any CPU
		{9B8CC1CB-AE94-4FA5-B20A-244C44D2B89F}.Debug|x86.Build.0 = Debug|Any CPU
		{9B8CC1CB-AE94-4FA5-B20A-244C44D2B89F}.Release|Any CPU.ActiveCfg = Release|Any CPU
		{9B8CC1CB-AE94-4FA5-B20A-244C44D2B89F}.Release|Any CPU.Build.0 = Release|Any CPU
		{9B8CC1CB-AE94-4FA5-B20A-244C44D2B89F}.Release|x64.ActiveCfg = Release|Any CPU
		{9B8CC1CB-AE94-4FA5-B20A-244C44D2B89F}.Release|x64.Build.0 = Release|Any CPU
		{9B8CC1CB-AE94-4FA5-B20A-244C44D2B89F}.Release|x86.ActiveCfg = Release|Any CPU
		{9B8CC1CB-AE94-4FA5-B20A-244C44D2B89F}.Release|x86.Build.0 = Release|Any CPU
		{99BE73B2-9287-44C8-9335-135256F771AA}.Debug|Any CPU.ActiveCfg = Debug|Any CPU
		{99BE73B2-9287-44C8-9335-135256F771AA}.Debug|Any CPU.Build.0 = Debug|Any CPU
		{99BE73B2-9287-44C8-9335-135256F771AA}.Debug|x64.ActiveCfg = Debug|Any CPU
		{99BE73B2-9287-44C8-9335-135256F771AA}.Debug|x64.Build.0 = Debug|Any CPU
		{99BE73B2-9287-44C8-9335-135256F771AA}.Debug|x86.ActiveCfg = Debug|Any CPU
		{99BE73B2-9287-44C8-9335-135256F771AA}.Debug|x86.Build.0 = Debug|Any CPU
		{99BE73B2-9287-44C8-9335-135256F771AA}.Release|Any CPU.ActiveCfg = Release|Any CPU
		{99BE73B2-9287-44C8-9335-135256F771AA}.Release|Any CPU.Build.0 = Release|Any CPU
		{99BE73B2-9287-44C8-9335-135256F771AA}.Release|x64.ActiveCfg = Release|Any CPU
		{99BE73B2-9287-44C8-9335-135256F771AA}.Release|x64.Build.0 = Release|Any CPU
		{99BE73B2-9287-44C8-9335-135256F771AA}.Release|x86.ActiveCfg = Release|Any CPU
		{99BE73B2-9287-44C8-9335-135256F771AA}.Release|x86.Build.0 = Release|Any CPU
		{0D4AD34D-F763-4B48-812B-A9906E29704B}.Debug|Any CPU.ActiveCfg = Debug|Any CPU
		{0D4AD34D-F763-4B48-812B-A9906E29704B}.Debug|Any CPU.Build.0 = Debug|Any CPU
		{0D4AD34D-F763-4B48-812B-A9906E29704B}.Debug|x64.ActiveCfg = Debug|Any CPU
		{0D4AD34D-F763-4B48-812B-A9906E29704B}.Debug|x64.Build.0 = Debug|Any CPU
		{0D4AD34D-F763-4B48-812B-A9906E29704B}.Debug|x86.ActiveCfg = Debug|Any CPU
		{0D4AD34D-F763-4B48-812B-A9906E29704B}.Debug|x86.Build.0 = Debug|Any CPU
		{0D4AD34D-F763-4B48-812B-A9906E29704B}.Release|Any CPU.ActiveCfg = Release|Any CPU
		{0D4AD34D-F763-4B48-812B-A9906E29704B}.Release|Any CPU.Build.0 = Release|Any CPU
		{0D4AD34D-F763-4B48-812B-A9906E29704B}.Release|x64.ActiveCfg = Release|Any CPU
		{0D4AD34D-F763-4B48-812B-A9906E29704B}.Release|x64.Build.0 = Release|Any CPU
		{0D4AD34D-F763-4B48-812B-A9906E29704B}.Release|x86.ActiveCfg = Release|Any CPU
		{0D4AD34D-F763-4B48-812B-A9906E29704B}.Release|x86.Build.0 = Release|Any CPU
		{42912A6D-EB5A-49ED-B517-A06C2AC0F6AD}.Debug|Any CPU.ActiveCfg = Debug|Any CPU
		{42912A6D-EB5A-49ED-B517-A06C2AC0F6AD}.Debug|Any CPU.Build.0 = Debug|Any CPU
		{42912A6D-EB5A-49ED-B517-A06C2AC0F6AD}.Debug|x64.ActiveCfg = Debug|Any CPU
		{42912A6D-EB5A-49ED-B517-A06C2AC0F6AD}.Debug|x64.Build.0 = Debug|Any CPU
		{42912A6D-EB5A-49ED-B517-A06C2AC0F6AD}.Debug|x86.ActiveCfg = Debug|Any CPU
		{42912A6D-EB5A-49ED-B517-A06C2AC0F6AD}.Debug|x86.Build.0 = Debug|Any CPU
		{42912A6D-EB5A-49ED-B517-A06C2AC0F6AD}.Release|Any CPU.ActiveCfg = Release|Any CPU
		{42912A6D-EB5A-49ED-B517-A06C2AC0F6AD}.Release|Any CPU.Build.0 = Release|Any CPU
		{42912A6D-EB5A-49ED-B517-A06C2AC0F6AD}.Release|x64.ActiveCfg = Release|Any CPU
		{42912A6D-EB5A-49ED-B517-A06C2AC0F6AD}.Release|x64.Build.0 = Release|Any CPU
		{42912A6D-EB5A-49ED-B517-A06C2AC0F6AD}.Release|x86.ActiveCfg = Release|Any CPU
		{42912A6D-EB5A-49ED-B517-A06C2AC0F6AD}.Release|x86.Build.0 = Release|Any CPU
		{96203023-E938-461F-8FDA-FA8B112BF0C4}.Debug|Any CPU.ActiveCfg = Debug|Any CPU
		{96203023-E938-461F-8FDA-FA8B112BF0C4}.Debug|Any CPU.Build.0 = Debug|Any CPU
		{96203023-E938-461F-8FDA-FA8B112BF0C4}.Debug|x64.ActiveCfg = Debug|Any CPU
		{96203023-E938-461F-8FDA-FA8B112BF0C4}.Debug|x64.Build.0 = Debug|Any CPU
		{96203023-E938-461F-8FDA-FA8B112BF0C4}.Debug|x86.ActiveCfg = Debug|Any CPU
		{96203023-E938-461F-8FDA-FA8B112BF0C4}.Debug|x86.Build.0 = Debug|Any CPU
		{96203023-E938-461F-8FDA-FA8B112BF0C4}.Release|Any CPU.ActiveCfg = Release|Any CPU
		{96203023-E938-461F-8FDA-FA8B112BF0C4}.Release|Any CPU.Build.0 = Release|Any CPU
		{96203023-E938-461F-8FDA-FA8B112BF0C4}.Release|x64.ActiveCfg = Release|Any CPU
		{96203023-E938-461F-8FDA-FA8B112BF0C4}.Release|x64.Build.0 = Release|Any CPU
		{96203023-E938-461F-8FDA-FA8B112BF0C4}.Release|x86.ActiveCfg = Release|Any CPU
		{96203023-E938-461F-8FDA-FA8B112BF0C4}.Release|x86.Build.0 = Release|Any CPU
		{DEE77AC7-C752-4B81-8DF5-6F6FB3E4853C}.Debug|Any CPU.ActiveCfg = Debug|Any CPU
		{DEE77AC7-C752-4B81-8DF5-6F6FB3E4853C}.Debug|Any CPU.Build.0 = Debug|Any CPU
		{DEE77AC7-C752-4B81-8DF5-6F6FB3E4853C}.Debug|x64.ActiveCfg = Debug|Any CPU
		{DEE77AC7-C752-4B81-8DF5-6F6FB3E4853C}.Debug|x64.Build.0 = Debug|Any CPU
		{DEE77AC7-C752-4B81-8DF5-6F6FB3E4853C}.Debug|x86.ActiveCfg = Debug|Any CPU
		{DEE77AC7-C752-4B81-8DF5-6F6FB3E4853C}.Debug|x86.Build.0 = Debug|Any CPU
		{DEE77AC7-C752-4B81-8DF5-6F6FB3E4853C}.Release|Any CPU.ActiveCfg = Release|Any CPU
		{DEE77AC7-C752-4B81-8DF5-6F6FB3E4853C}.Release|Any CPU.Build.0 = Release|Any CPU
		{DEE77AC7-C752-4B81-8DF5-6F6FB3E4853C}.Release|x64.ActiveCfg = Release|Any CPU
		{DEE77AC7-C752-4B81-8DF5-6F6FB3E4853C}.Release|x64.Build.0 = Release|Any CPU
		{DEE77AC7-C752-4B81-8DF5-6F6FB3E4853C}.Release|x86.ActiveCfg = Release|Any CPU
		{DEE77AC7-C752-4B81-8DF5-6F6FB3E4853C}.Release|x86.Build.0 = Release|Any CPU
		{6C9499B9-BD89-4A6E-BF67-8C076E6FDF0C}.Debug|Any CPU.ActiveCfg = Debug|Any CPU
		{6C9499B9-BD89-4A6E-BF67-8C076E6FDF0C}.Debug|Any CPU.Build.0 = Debug|Any CPU
		{6C9499B9-BD89-4A6E-BF67-8C076E6FDF0C}.Debug|x64.ActiveCfg = Debug|Any CPU
		{6C9499B9-BD89-4A6E-BF67-8C076E6FDF0C}.Debug|x64.Build.0 = Debug|Any CPU
		{6C9499B9-BD89-4A6E-BF67-8C076E6FDF0C}.Debug|x86.ActiveCfg = Debug|Any CPU
		{6C9499B9-BD89-4A6E-BF67-8C076E6FDF0C}.Debug|x86.Build.0 = Debug|Any CPU
		{6C9499B9-BD89-4A6E-BF67-8C076E6FDF0C}.Release|Any CPU.ActiveCfg = Release|Any CPU
		{6C9499B9-BD89-4A6E-BF67-8C076E6FDF0C}.Release|Any CPU.Build.0 = Release|Any CPU
		{6C9499B9-BD89-4A6E-BF67-8C076E6FDF0C}.Release|x64.ActiveCfg = Release|Any CPU
		{6C9499B9-BD89-4A6E-BF67-8C076E6FDF0C}.Release|x64.Build.0 = Release|Any CPU
		{6C9499B9-BD89-4A6E-BF67-8C076E6FDF0C}.Release|x86.ActiveCfg = Release|Any CPU
		{6C9499B9-BD89-4A6E-BF67-8C076E6FDF0C}.Release|x86.Build.0 = Release|Any CPU
	EndGlobalSection
	GlobalSection(SolutionProperties) = preSolution
		HideSolutionNode = FALSE
	EndGlobalSection
	GlobalSection(NestedProjects) = preSolution
		{0D4AD34D-F763-4B48-812B-A9906E29704B} = {CADEAAA4-5A04-4BEA-9388-078172400115}
		{42912A6D-EB5A-49ED-B517-A06C2AC0F6AD} = {CADEAAA4-5A04-4BEA-9388-078172400115}
	EndGlobalSection
EndGlobal
