
Microsoft Visual Studio Solution File, Format Version 12.00
# Visual Studio Version 17
VisualStudioVersion = 17.0.31903.59
MinimumVisualStudioVersion = 10.0.40219.1
Project("{FAE04EC0-301F-11D3-BF4B-00C04F79EFBC}") = "Application", "Application\Application.csproj", "{9B8CC1CB-AE94-4FA5-B20A-244C44D2B89F}"
EndProject
Project("{FAE04EC0-301F-11D3-BF4B-00C04F79EFBC}") = "Infrastructure", "Infrastructure\Infrastructure.csproj", "{99BE73B2-9287-44C8-9335-135256F771AA}"
EndProject
Project("{2150E333-8FDC-42A3-9474-1A3956D46DE8}") = "tests", "tests", "{CADEAAA4-5A04-4BEA-9388-078172400115}"
EndProject
Project("{FAE04EC0-301F-11D3-BF4B-00C04F79EFBC}") = "Application.UnitTests", "tests\Application.UnitTests\Application.UnitTests.csproj", "{0D4AD34D-F763-4B48-812B-A9906E29704B}"
EndProject
Project("{FAE04EC0-301F-11D3-BF4B-00C04F79EFBC}") = "Application.IntegrationTests", "tests\Application.IntegrationTests\Application.IntegrationTests.csproj", "{42912A6D-EB5A-49ED-B517-A06C2AC0F6AD}"
EndProject
Global
	GlobalSection(SolutionConfigurationPlatforms) = preSolution
		Debug|Any CPU = Debug|Any CPU
		Release|Any CPU = Release|Any CPU
	EndGlobalSection
	GlobalSection(SolutionProperties) = preSolution
		HideSolutionNode = FALSE
	EndGlobalSection
	GlobalSection(ProjectConfigurationPlatforms) = postSolution
		{9B8CC1CB-AE94-4FA5-B20A-244C44D2B89F}.Debug|Any CPU.ActiveCfg = Debug|Any CPU
		{9B8CC1CB-AE94-4FA5-B20A-244C44D2B89F}.Debug|Any CPU.Build.0 = Debug|Any CPU
		{9B8CC1CB-AE94-4FA5-B20A-244C44D2B89F}.Release|Any CPU.ActiveCfg = Release|Any CPU
		{9B8CC1CB-AE94-4FA5-B20A-244C44D2B89F}.Release|Any CPU.Build.0 = Release|Any CPU
		{99BE73B2-9287-44C8-9335-135256F771AA}.Debug|Any CPU.ActiveCfg = Debug|Any CPU
		{99BE73B2-9287-44C8-9335-135256F771AA}.Debug|Any CPU.Build.0 = Debug|Any CPU
		{99BE73B2-9287-44C8-9335-135256F771AA}.Release|Any CPU.ActiveCfg = Release|Any CPU
		{99BE73B2-9287-44C8-9335-135256F771AA}.Release|Any CPU.Build.0 = Release|Any CPU
		{0D4AD34D-F763-4B48-812B-A9906E29704B}.Debug|Any CPU.ActiveCfg = Debug|Any CPU
		{0D4AD34D-F763-4B48-812B-A9906E29704B}.Debug|Any CPU.Build.0 = Debug|Any CPU
		{0D4AD34D-F763-4B48-812B-A9906E29704B}.Release|Any CPU.ActiveCfg = Release|Any CPU
		{0D4AD34D-F763-4B48-812B-A9906E29704B}.Release|Any CPU.Build.0 = Release|Any CPU
		{42912A6D-EB5A-49ED-B517-A06C2AC0F6AD}.Debug|Any CPU.ActiveCfg = Debug|Any CPU
		{42912A6D-EB5A-49ED-B517-A06C2AC0F6AD}.Debug|Any CPU.Build.0 = Debug|Any CPU
		{42912A6D-EB5A-49ED-B517-A06C2AC0F6AD}.Release|Any CPU.ActiveCfg = Release|Any CPU
		{42912A6D-EB5A-49ED-B517-A06C2AC0F6AD}.Release|Any CPU.Build.0 = Release|Any CPU
	EndGlobalSection
	GlobalSection(NestedProjects) = preSolution
		{0D4AD34D-F763-4B48-812B-A9906E29704B} = {CADEAAA4-5A04-4BEA-9388-078172400115}
		{42912A6D-EB5A-49ED-B517-A06C2AC0F6AD} = {CADEAAA4-5A04-4BEA-9388-078172400115}
	EndGlobalSection
EndGlobal
